
Microsoft Visual Studio Solution File, Format Version 12.00
# Visual Studio Version 17
VisualStudioVersion = 17.14.36310.24
MinimumVisualStudioVersion = 10.0.40219.1
Project("{2150E333-8FDC-42A3-9474-1A3956D46DE8}") = "ChainOfResponsibilityDesignPattern", "ChainOfResponsibilityDesignPattern", "{02EA681E-C7D8-13C7-8484-4AC65E1B71E8}"
EndProject
Project("{FAE04EC0-301F-11D3-BF4B-00C04F79EFBC}") = "DesingPattern.ChainOfResponsibility", "ChainOfResponsibilityDesignPattern\DesingPattern.ChainOfResponsibility\DesingPattern.ChainOfResponsibility.csproj", "{9A056B21-79FB-4558-9DF0-389CA2602BE6}"
EndProject
Project("{2150E333-8FDC-42A3-9474-1A3956D46DE8}") = "CQRSDesingPattern", "CQRSDesingPattern", "{4D524E3D-49E2-4E98-9928-7B7EBB69AEFC}"
EndProject
Project("{FAE04EC0-301F-11D3-BF4B-00C04F79EFBC}") = "DesingPattern.CQRS", "CQRSDesingPattern\DesingPattern.CQRS\DesingPattern.CQRS.csproj", "{06F5A41F-08B8-4537-B7DA-2262598F2148}"
EndProject
Project("{2150E333-8FDC-42A3-9474-1A3956D46DE8}") = "TemplateMethodDesingPattern", "TemplateMethodDesingPattern", "{20F3F6FE-6752-4F1A-A80A-2D9613989347}"
EndProject
Project("{FAE04EC0-301F-11D3-BF4B-00C04F79EFBC}") = "DesingPattern.TemplateMethod", "TemplateMethodDesingPattern\DesingPattern.TemplateMethod\DesingPattern.TemplateMethod.csproj", "{7414BAA8-DD68-4BA4-9CEC-02D963CB193B}"
EndProject
Project("{2150E333-8FDC-42A3-9474-1A3956D46DE8}") = "ObservedDesignPattern", "ObservedDesignPattern", "{C81AB4BF-B9FB-42CA-A2CC-6A3B357073BB}"
EndProject
Project("{FAE04EC0-301F-11D3-BF4B-00C04F79EFBC}") = "DesignPattern.Observed", "ObservedDesignPattern\DesignPattern.Observed\DesignPattern.Observed.csproj", "{D01547D8-01D5-4871-B5F6-EC769411C2E8}"
EndProject
Global
	GlobalSection(SolutionConfigurationPlatforms) = preSolution
		Debug|Any CPU = Debug|Any CPU
		Release|Any CPU = Release|Any CPU
	EndGlobalSection
	GlobalSection(ProjectConfigurationPlatforms) = postSolution
		{9A056B21-79FB-4558-9DF0-389CA2602BE6}.Debug|Any CPU.ActiveCfg = Debug|Any CPU
		{9A056B21-79FB-4558-9DF0-389CA2602BE6}.Debug|Any CPU.Build.0 = Debug|Any CPU
		{9A056B21-79FB-4558-9DF0-389CA2602BE6}.Release|Any CPU.ActiveCfg = Release|Any CPU
		{9A056B21-79FB-4558-9DF0-389CA2602BE6}.Release|Any CPU.Build.0 = Release|Any CPU
		{06F5A41F-08B8-4537-B7DA-2262598F2148}.Debug|Any CPU.ActiveCfg = Debug|Any CPU
		{06F5A41F-08B8-4537-B7DA-2262598F2148}.Debug|Any CPU.Build.0 = Debug|Any CPU
		{06F5A41F-08B8-4537-B7DA-2262598F2148}.Release|Any CPU.ActiveCfg = Release|Any CPU
		{06F5A41F-08B8-4537-B7DA-2262598F2148}.Release|Any CPU.Build.0 = Release|Any CPU
		{7414BAA8-DD68-4BA4-9CEC-02D963CB193B}.Debug|Any CPU.ActiveCfg = Debug|Any CPU
		{7414BAA8-DD68-4BA4-9CEC-02D963CB193B}.Debug|Any CPU.Build.0 = Debug|Any CPU
		{7414BAA8-DD68-4BA4-9CEC-02D963CB193B}.Release|Any CPU.ActiveCfg = Release|Any CPU
		{7414BAA8-DD68-4BA4-9CEC-02D963CB193B}.Release|Any CPU.Build.0 = Release|Any CPU
		{D01547D8-01D5-4871-B5F6-EC769411C2E8}.Debug|Any CPU.ActiveCfg = Debug|Any CPU
		{D01547D8-01D5-4871-B5F6-EC769411C2E8}.Debug|Any CPU.Build.0 = Debug|Any CPU
		{D01547D8-01D5-4871-B5F6-EC769411C2E8}.Release|Any CPU.ActiveCfg = Release|Any CPU
		{D01547D8-01D5-4871-B5F6-EC769411C2E8}.Release|Any CPU.Build.0 = Release|Any CPU
	EndGlobalSection
	GlobalSection(SolutionProperties) = preSolution
		HideSolutionNode = FALSE
	EndGlobalSection
	GlobalSection(NestedProjects) = preSolution
		{9A056B21-79FB-4558-9DF0-389CA2602BE6} = {02EA681E-C7D8-13C7-8484-4AC65E1B71E8}
		{06F5A41F-08B8-4537-B7DA-2262598F2148} = {4D524E3D-49E2-4E98-9928-7B7EBB69AEFC}
		{7414BAA8-DD68-4BA4-9CEC-02D963CB193B} = {20F3F6FE-6752-4F1A-A80A-2D9613989347}
		{D01547D8-01D5-4871-B5F6-EC769411C2E8} = {C81AB4BF-B9FB-42CA-A2CC-6A3B357073BB}
	EndGlobalSection
	GlobalSection(ExtensibilityGlobals) = postSolution
		SolutionGuid = {D24A40BA-9366-4937-B21D-E80E1CCEF976}
	EndGlobalSection
EndGlobal
